// !$*UTF8*$!
{
	archiveVersion = 1;
	classes = {
	};
	objectVersion = 46;
	objects = {

/* Begin PBXBuildFile section */
		582B1DC91F69FAD100672ED9 /* AppDelegate.mm in Sources */ = {isa = PBXBuildFile; fileRef = 582B1DC81F69FAD100672ED9 /* AppDelegate.mm */; };
		582B1DCC1F69FAD100672ED9 /* main.m in Sources */ = {isa = PBXBuildFile; fileRef = 582B1DCB1F69FAD100672ED9 /* main.m */; };
		582B1DCE1F69FAD100672ED9 /* Assets.xcassets in Resources */ = {isa = PBXBuildFile; fileRef = 582B1DCD1F69FAD100672ED9 /* Assets.xcassets */; };
		582B1DD11F69FAD100672ED9 /* MainMenu.xib in Resources */ = {isa = PBXBuildFile; fileRef = 582B1DCF1F69FAD100672ED9 /* MainMenu.xib */; };
		582B1DEA1F69FD3500672ED9 /* helloworld.grpc.pb.cc in Sources */ = {isa = PBXBuildFile; fileRef = 582B1DE61F69FD3500672ED9 /* helloworld.grpc.pb.cc */; };
		582B1DEB1F69FD3500672ED9 /* helloworld.grpc.pb.cc in Sources */ = {isa = PBXBuildFile; fileRef = 582B1DE61F69FD3500672ED9 /* helloworld.grpc.pb.cc */; };
		582B1DEC1F69FD3500672ED9 /* helloworld.pb.cc in Sources */ = {isa = PBXBuildFile; fileRef = 582B1DE81F69FD3500672ED9 /* helloworld.pb.cc */; };
		582B1DED1F69FD3500672ED9 /* helloworld.pb.cc in Sources */ = {isa = PBXBuildFile; fileRef = 582B1DE81F69FD3500672ED9 /* helloworld.pb.cc */; };
		582B1DEF1F69FD8B00672ED9 /* libgrpc.dylib in Frameworks */ = {isa = PBXBuildFile; fileRef = 582B1DEE1F69FD8B00672ED9 /* libgrpc.dylib */; };
		582B1DF21F69FDBD00672ED9 /* libprotobuf.14.dylib in Frameworks */ = {isa = PBXBuildFile; fileRef = 582B1DF01F69FDA200672ED9 /* libprotobuf.14.dylib */; };
		582B1DFF1F69FFAD00672ED9 /* greeter_client.cc in Sources */ = {isa = PBXBuildFile; fileRef = 582B1DFE1F69FFAD00672ED9 /* greeter_client.cc */; };
		582B1E001F6A002700672ED9 /* libgrpc.dylib in Frameworks */ = {isa = PBXBuildFile; fileRef = 582B1DEE1F69FD8B00672ED9 /* libgrpc.dylib */; };
		582B1E021F6A002700672ED9 /* libgrpc++.dylib in Frameworks */ = {isa = PBXBuildFile; fileRef = 582B1E011F6A002700672ED9 /* libgrpc++.dylib */; };
		582B1E031F6A006E00672ED9 /* libprotobuf.14.dylib in Frameworks */ = {isa = PBXBuildFile; fileRef = 582B1DF01F69FDA200672ED9 /* libprotobuf.14.dylib */; };
		582B1E041F6A008300672ED9 /* libgrpc++.dylib in Frameworks */ = {isa = PBXBuildFile; fileRef = 582B1E011F6A002700672ED9 /* libgrpc++.dylib */; };
		582B1E051F6A00A100672ED9 /* libgrpc.dylib in Frameworks */ = {isa = PBXBuildFile; fileRef = 582B1DEE1F69FD8B00672ED9 /* libgrpc.dylib */; };
		582B1E061F6A00A100672ED9 /* libgrpc++.dylib in Frameworks */ = {isa = PBXBuildFile; fileRef = 582B1E011F6A002700672ED9 /* libgrpc++.dylib */; };
		582B1E071F6A00A100672ED9 /* libprotobuf.14.dylib in Frameworks */ = {isa = PBXBuildFile; fileRef = 582B1DF01F69FDA200672ED9 /* libprotobuf.14.dylib */; };
		582B1E081F6A00B900672ED9 /* helloworld.grpc.pb.cc in Sources */ = {isa = PBXBuildFile; fileRef = 582B1DE61F69FD3500672ED9 /* helloworld.grpc.pb.cc */; };
		582B1E091F6A00BB00672ED9 /* helloworld.pb.cc in Sources */ = {isa = PBXBuildFile; fileRef = 582B1DE81F69FD3500672ED9 /* helloworld.pb.cc */; };
/* End PBXBuildFile section */

/* Begin PBXCopyFilesBuildPhase section */
		582B1DDA1F69FB1A00672ED9 /* CopyFiles */ = {
			isa = PBXCopyFilesBuildPhase;
			buildActionMask = 2147483647;
			dstPath = /usr/share/man/man1/;
			dstSubfolderSpec = 0;
			files = (
			);
			runOnlyForDeploymentPostprocessing = 1;
		};
		582B1DF51F69FF8C00672ED9 /* CopyFiles */ = {
			isa = PBXCopyFilesBuildPhase;
			buildActionMask = 2147483647;
			dstPath = /usr/share/man/man1/;
			dstSubfolderSpec = 0;
			files = (
			);
			runOnlyForDeploymentPostprocessing = 1;
		};
/* End PBXCopyFilesBuildPhase section */

/* Begin PBXFileReference section */
		582B1DC41F69FAD100672ED9 /* grpcTest.app */ = {isa = PBXFileReference; explicitFileType = wrapper.application; includeInIndex = 0; path = grpcTest.app; sourceTree = BUILT_PRODUCTS_DIR; };
		582B1DC71F69FAD100672ED9 /* AppDelegate.h */ = {isa = PBXFileReference; lastKnownFileType = sourcecode.c.h; path = AppDelegate.h; sourceTree = "<group>"; };
		582B1DC81F69FAD100672ED9 /* AppDelegate.mm */ = {isa = PBXFileReference; lastKnownFileType = sourcecode.cpp.objcpp; path = AppDelegate.mm; sourceTree = "<group>"; };
		582B1DCB1F69FAD100672ED9 /* main.m */ = {isa = PBXFileReference; lastKnownFileType = sourcecode.c.objc; path = main.m; sourceTree = "<group>"; };
		582B1DCD1F69FAD100672ED9 /* Assets.xcassets */ = {isa = PBXFileReference; lastKnownFileType = folder.assetcatalog; path = Assets.xcassets; sourceTree = "<group>"; };
		582B1DD01F69FAD100672ED9 /* Base */ = {isa = PBXFileReference; lastKnownFileType = file.xib; name = Base; path = Base.lproj/MainMenu.xib; sourceTree = "<group>"; };
		582B1DD21F69FAD100672ED9 /* Info.plist */ = {isa = PBXFileReference; lastKnownFileType = text.plist.xml; path = Info.plist; sourceTree = "<group>"; };
		582B1DDC1F69FB1A00672ED9 /* greeter_server */ = {isa = PBXFileReference; explicitFileType = "compiled.mach-o.executable"; includeInIndex = 0; path = greeter_server; sourceTree = BUILT_PRODUCTS_DIR; };
		582B1DE61F69FD3500672ED9 /* helloworld.grpc.pb.cc */ = {isa = PBXFileReference; fileEncoding = 4; lastKnownFileType = sourcecode.cpp.cpp; path = helloworld.grpc.pb.cc; sourceTree = "<group>"; };
		582B1DE71F69FD3500672ED9 /* helloworld.grpc.pb.h */ = {isa = PBXFileReference; fileEncoding = 4; lastKnownFileType = sourcecode.c.h; path = helloworld.grpc.pb.h; sourceTree = "<group>"; };
		582B1DE81F69FD3500672ED9 /* helloworld.pb.cc */ = {isa = PBXFileReference; fileEncoding = 4; lastKnownFileType = sourcecode.cpp.cpp; path = helloworld.pb.cc; sourceTree = "<group>"; };
		582B1DE91F69FD3500672ED9 /* helloworld.pb.h */ = {isa = PBXFileReference; fileEncoding = 4; lastKnownFileType = sourcecode.c.h; path = helloworld.pb.h; sourceTree = "<group>"; };
		582B1DEE1F69FD8B00672ED9 /* libgrpc.dylib */ = {isa = PBXFileReference; lastKnownFileType = "compiled.mach-o.dylib"; name = libgrpc.dylib; path = ../../../../usr/local/lib/libgrpc.dylib; sourceTree = "<group>"; };
		582B1DF01F69FDA200672ED9 /* libprotobuf.14.dylib */ = {isa = PBXFileReference; lastKnownFileType = "compiled.mach-o.dylib"; name = libprotobuf.14.dylib; path = ../../../../usr/local/lib/libprotobuf.14.dylib; sourceTree = "<group>"; };
		582B1DF71F69FF8C00672ED9 /* greeter_client */ = {isa = PBXFileReference; explicitFileType = "compiled.mach-o.executable"; includeInIndex = 0; path = greeter_client; sourceTree = BUILT_PRODUCTS_DIR; };
		582B1DFE1F69FFAD00672ED9 /* greeter_client.cc */ = {isa = PBXFileReference; fileEncoding = 4; lastKnownFileType = sourcecode.cpp.cpp; path = greeter_client.cc; sourceTree = "<group>"; };
		582B1E011F6A002700672ED9 /* libgrpc++.dylib */ = {isa = PBXFileReference; lastKnownFileType = "compiled.mach-o.dylib"; name = "libgrpc++.dylib"; path = "../../../../usr/local/lib/libgrpc++.dylib"; sourceTree = "<group>"; };
/* End PBXFileReference section */

/* Begin PBXFrameworksBuildPhase section */
		582B1DC11F69FAD100672ED9 /* Frameworks */ = {
			isa = PBXFrameworksBuildPhase;
			buildActionMask = 2147483647;
			files = (
				582B1E031F6A006E00672ED9 /* libprotobuf.14.dylib in Frameworks */,
				582B1E021F6A002700672ED9 /* libgrpc++.dylib in Frameworks */,
				582B1E001F6A002700672ED9 /* libgrpc.dylib in Frameworks */,
			);
			runOnlyForDeploymentPostprocessing = 0;
		};
		582B1DD91F69FB1A00672ED9 /* Frameworks */ = {
			isa = PBXFrameworksBuildPhase;
			buildActionMask = 2147483647;
			files = (
				582B1E041F6A008300672ED9 /* libgrpc++.dylib in Frameworks */,
				582B1DF21F69FDBD00672ED9 /* libprotobuf.14.dylib in Frameworks */,
				582B1DEF1F69FD8B00672ED9 /* libgrpc.dylib in Frameworks */,
			);
			runOnlyForDeploymentPostprocessing = 0;
		};
		582B1DF41F69FF8C00672ED9 /* Frameworks */ = {
			isa = PBXFrameworksBuildPhase;
			buildActionMask = 2147483647;
			files = (
				582B1E051F6A00A100672ED9 /* libgrpc.dylib in Frameworks */,
				582B1E061F6A00A100672ED9 /* libgrpc++.dylib in Frameworks */,
				582B1E071F6A00A100672ED9 /* libprotobuf.14.dylib in Frameworks */,
			);
			runOnlyForDeploymentPostprocessing = 0;
		};
/* End PBXFrameworksBuildPhase section */

/* Begin PBXGroup section */
		582B1DBB1F69FAD100672ED9 = {
			isa = PBXGroup;
			children = (
				582B1E011F6A002700672ED9 /* libgrpc++.dylib */,
				582B1DF01F69FDA200672ED9 /* libprotobuf.14.dylib */,
				582B1DEE1F69FD8B00672ED9 /* libgrpc.dylib */,
				582B1DE51F69FD1F00672ED9 /* common */,
				582B1DC61F69FAD100672ED9 /* grpcTest */,
				582B1DF81F69FF8C00672ED9 /* greeter_client */,
				582B1DC51F69FAD100672ED9 /* Products */,
			);
			sourceTree = "<group>";
		};
		582B1DC51F69FAD100672ED9 /* Products */ = {
			isa = PBXGroup;
			children = (
				582B1DC41F69FAD100672ED9 /* grpcTest.app */,
				582B1DDC1F69FB1A00672ED9 /* greeter_server */,
				582B1DF71F69FF8C00672ED9 /* greeter_client */,
			);
			name = Products;
			sourceTree = "<group>";
		};
		582B1DC61F69FAD100672ED9 /* grpcTest */ = {
			isa = PBXGroup;
			children = (
				582B1DC71F69FAD100672ED9 /* AppDelegate.h */,
				582B1DC81F69FAD100672ED9 /* AppDelegate.mm */,
				582B1DCD1F69FAD100672ED9 /* Assets.xcassets */,
				582B1DCF1F69FAD100672ED9 /* MainMenu.xib */,
				582B1DD21F69FAD100672ED9 /* Info.plist */,
				582B1DCA1F69FAD100672ED9 /* Supporting Files */,
			);
			path = grpcTest;
			sourceTree = "<group>";
		};
		582B1DCA1F69FAD100672ED9 /* Supporting Files */ = {
			isa = PBXGroup;
			children = (
				582B1DCB1F69FAD100672ED9 /* main.m */,
			);
			name = "Supporting Files";
			sourceTree = "<group>";
		};
		582B1DE51F69FD1F00672ED9 /* common */ = {
			isa = PBXGroup;
			children = (
				582B1DE61F69FD3500672ED9 /* helloworld.grpc.pb.cc */,
				582B1DE71F69FD3500672ED9 /* helloworld.grpc.pb.h */,
				582B1DE81F69FD3500672ED9 /* helloworld.pb.cc */,
				582B1DE91F69FD3500672ED9 /* helloworld.pb.h */,
			);
			name = common;
			sourceTree = "<group>";
		};
		582B1DF81F69FF8C00672ED9 /* greeter_client */ = {
			isa = PBXGroup;
			children = (
				582B1DFE1F69FFAD00672ED9 /* greeter_client.cc */,
			);
			path = greeter_client;
			sourceTree = "<group>";
		};
/* End PBXGroup section */

/* Begin PBXNativeTarget section */
		582B1DC31F69FAD100672ED9 /* grpcTest */ = {
			isa = PBXNativeTarget;
			buildConfigurationList = 582B1DD51F69FAD100672ED9 /* Build configuration list for PBXNativeTarget "grpcTest" */;
			buildPhases = (
				582B1DC01F69FAD100672ED9 /* Sources */,
				582B1DC11F69FAD100672ED9 /* Frameworks */,
				582B1DC21F69FAD100672ED9 /* Resources */,
			);
			buildRules = (
			);
			dependencies = (
			);
			name = grpcTest;
			productName = grpcTest;
			productReference = 582B1DC41F69FAD100672ED9 /* grpcTest.app */;
			productType = "com.apple.product-type.application";
		};
		582B1DDB1F69FB1A00672ED9 /* greeter_server */ = {
			isa = PBXNativeTarget;
			buildConfigurationList = 582B1DE01F69FB1A00672ED9 /* Build configuration list for PBXNativeTarget "greeter_server" */;
			buildPhases = (
				582B1DD81F69FB1A00672ED9 /* Sources */,
				582B1DD91F69FB1A00672ED9 /* Frameworks */,
				582B1DDA1F69FB1A00672ED9 /* CopyFiles */,
			);
			buildRules = (
			);
			dependencies = (
			);
			name = greeter_server;
			productName = greeter_server;
			productReference = 582B1DDC1F69FB1A00672ED9 /* greeter_server */;
			productType = "com.apple.product-type.tool";
		};
		582B1DF61F69FF8C00672ED9 /* greeter_client */ = {
			isa = PBXNativeTarget;
			buildConfigurationList = 582B1DFB1F69FF8C00672ED9 /* Build configuration list for PBXNativeTarget "greeter_client" */;
			buildPhases = (
				582B1DF31F69FF8C00672ED9 /* Sources */,
				582B1DF41F69FF8C00672ED9 /* Frameworks */,
				582B1DF51F69FF8C00672ED9 /* CopyFiles */,
			);
			buildRules = (
			);
			dependencies = (
			);
			name = greeter_client;
			productName = greeter_client;
			productReference = 582B1DF71F69FF8C00672ED9 /* greeter_client */;
			productType = "com.apple.product-type.tool";
		};
/* End PBXNativeTarget section */

/* Begin PBXProject section */
		582B1DBC1F69FAD100672ED9 /* Project object */ = {
			isa = PBXProject;
			attributes = {
				LastUpgradeCheck = 0730;
				ORGANIZATIONNAME = logitech;
				TargetAttributes = {
					582B1DC31F69FAD100672ED9 = {
						CreatedOnToolsVersion = 7.3;
					};
					582B1DDB1F69FB1A00672ED9 = {
						CreatedOnToolsVersion = 7.3;
					};
					582B1DF61F69FF8C00672ED9 = {
						CreatedOnToolsVersion = 7.3;
					};
				};
			};
			buildConfigurationList = 582B1DBF1F69FAD100672ED9 /* Build configuration list for PBXProject "grpcTest" */;
			compatibilityVersion = "Xcode 3.2";
			developmentRegion = English;
			hasScannedForEncodings = 0;
			knownRegions = (
				en,
				Base,
			);
			mainGroup = 582B1DBB1F69FAD100672ED9;
			productRefGroup = 582B1DC51F69FAD100672ED9 /* Products */;
			projectDirPath = "";
			projectRoot = "";
			targets = (
				582B1DC31F69FAD100672ED9 /* grpcTest */,
				582B1DDB1F69FB1A00672ED9 /* greeter_server */,
				582B1DF61F69FF8C00672ED9 /* greeter_client */,
			);
		};
/* End PBXProject section */

/* Begin PBXResourcesBuildPhase section */
		582B1DC21F69FAD100672ED9 /* Resources */ = {
			isa = PBXResourcesBuildPhase;
			buildActionMask = 2147483647;
			files = (
				582B1DCE1F69FAD100672ED9 /* Assets.xcassets in Resources */,
				582B1DD11F69FAD100672ED9 /* MainMenu.xib in Resources */,
			);
			runOnlyForDeploymentPostprocessing = 0;
		};
/* End PBXResourcesBuildPhase section */

/* Begin PBXSourcesBuildPhase section */
		582B1DC01F69FAD100672ED9 /* Sources */ = {
			isa = PBXSourcesBuildPhase;
			buildActionMask = 2147483647;
			files = (
				582B1DEC1F69FD3500672ED9 /* helloworld.pb.cc in Sources */,
				582B1DEA1F69FD3500672ED9 /* helloworld.grpc.pb.cc in Sources */,
				582B1DCC1F69FAD100672ED9 /* main.m in Sources */,
				582B1DC91F69FAD100672ED9 /* AppDelegate.mm in Sources */,
			);
			runOnlyForDeploymentPostprocessing = 0;
		};
		582B1DD81F69FB1A00672ED9 /* Sources */ = {
			isa = PBXSourcesBuildPhase;
			buildActionMask = 2147483647;
			files = (
				582B1DED1F69FD3500672ED9 /* helloworld.pb.cc in Sources */,
				582B1DEB1F69FD3500672ED9 /* helloworld.grpc.pb.cc in Sources */,
			);
			runOnlyForDeploymentPostprocessing = 0;
		};
		582B1DF31F69FF8C00672ED9 /* Sources */ = {
			isa = PBXSourcesBuildPhase;
			buildActionMask = 2147483647;
			files = (
				582B1DFF1F69FFAD00672ED9 /* greeter_client.cc in Sources */,
				582B1E081F6A00B900672ED9 /* helloworld.grpc.pb.cc in Sources */,
				582B1E091F6A00BB00672ED9 /* helloworld.pb.cc in Sources */,
			);
			runOnlyForDeploymentPostprocessing = 0;
		};
/* End PBXSourcesBuildPhase section */

/* Begin PBXVariantGroup section */
		582B1DCF1F69FAD100672ED9 /* MainMenu.xib */ = {
			isa = PBXVariantGroup;
			children = (
				582B1DD01F69FAD100672ED9 /* Base */,
			);
			name = MainMenu.xib;
			sourceTree = "<group>";
		};
/* End PBXVariantGroup section */

/* Begin XCBuildConfiguration section */
		582B1DD31F69FAD100672ED9 /* Debug */ = {
			isa = XCBuildConfiguration;
			buildSettings = {
				ALWAYS_SEARCH_USER_PATHS = NO;
				CLANG_ANALYZER_NONNULL = YES;
				CLANG_CXX_LANGUAGE_STANDARD = "gnu++0x";
				CLANG_CXX_LIBRARY = "libc++";
				CLANG_ENABLE_MODULES = YES;
				CLANG_ENABLE_OBJC_ARC = YES;
				CLANG_WARN_BOOL_CONVERSION = YES;
				CLANG_WARN_CONSTANT_CONVERSION = YES;
				CLANG_WARN_DIRECT_OBJC_ISA_USAGE = YES_ERROR;
				CLANG_WARN_EMPTY_BODY = YES;
				CLANG_WARN_ENUM_CONVERSION = YES;
				CLANG_WARN_INT_CONVERSION = YES;
				CLANG_WARN_OBJC_ROOT_CLASS = YES_ERROR;
				CLANG_WARN_UNREACHABLE_CODE = YES;
				CLANG_WARN__DUPLICATE_METHOD_MATCH = YES;
				CODE_SIGN_IDENTITY = "-";
				COPY_PHASE_STRIP = NO;
				DEBUG_INFORMATION_FORMAT = dwarf;
				ENABLE_STRICT_OBJC_MSGSEND = YES;
				ENABLE_TESTABILITY = YES;
				GCC_C_LANGUAGE_STANDARD = gnu99;
				GCC_DYNAMIC_NO_PIC = NO;
				GCC_NO_COMMON_BLOCKS = YES;
				GCC_OPTIMIZATION_LEVEL = 0;
				GCC_PREPROCESSOR_DEFINITIONS = (
					"DEBUG=1",
					"$(inherited)",
				);
				GCC_WARN_64_TO_32_BIT_CONVERSION = YES;
				GCC_WARN_ABOUT_RETURN_TYPE = YES_ERROR;
				GCC_WARN_UNDECLARED_SELECTOR = YES;
				GCC_WARN_UNINITIALIZED_AUTOS = YES_AGGRESSIVE;
				GCC_WARN_UNUSED_FUNCTION = YES;
				GCC_WARN_UNUSED_VARIABLE = YES;
				HEADER_SEARCH_PATHS = /usr/local/include;
				MACOSX_DEPLOYMENT_TARGET = 10.13;
				MTL_ENABLE_DEBUG_INFO = YES;
				ONLY_ACTIVE_ARCH = YES;
				OTHER_LDFLAGS = (
					"-L/usr/local/lib",
					"-lprotobuf",
					"-D_THREAD_SAFE",
					"-lgrpc++",
					"-lgrpc",
				);
				SDKROOT = macosx;
			};
			name = Debug;
		};
		582B1DD41F69FAD100672ED9 /* Release */ = {
			isa = XCBuildConfiguration;
			buildSettings = {
				ALWAYS_SEARCH_USER_PATHS = NO;
				CLANG_ANALYZER_NONNULL = YES;
				CLANG_CXX_LANGUAGE_STANDARD = "gnu++0x";
				CLANG_CXX_LIBRARY = "libc++";
				CLANG_ENABLE_MODULES = YES;
				CLANG_ENABLE_OBJC_ARC = YES;
				CLANG_WARN_BOOL_CONVERSION = YES;
				CLANG_WARN_CONSTANT_CONVERSION = YES;
				CLANG_WARN_DIRECT_OBJC_ISA_USAGE = YES_ERROR;
				CLANG_WARN_EMPTY_BODY = YES;
				CLANG_WARN_ENUM_CONVERSION = YES;
				CLANG_WARN_INT_CONVERSION = YES;
				CLANG_WARN_OBJC_ROOT_CLASS = YES_ERROR;
				CLANG_WARN_UNREACHABLE_CODE = YES;
				CLANG_WARN__DUPLICATE_METHOD_MATCH = YES;
				CODE_SIGN_IDENTITY = "-";
				COPY_PHASE_STRIP = NO;
				DEBUG_INFORMATION_FORMAT = "dwarf-with-dsym";
				ENABLE_NS_ASSERTIONS = NO;
				ENABLE_STRICT_OBJC_MSGSEND = YES;
				GCC_C_LANGUAGE_STANDARD = gnu99;
				GCC_NO_COMMON_BLOCKS = YES;
				GCC_WARN_64_TO_32_BIT_CONVERSION = YES;
				GCC_WARN_ABOUT_RETURN_TYPE = YES_ERROR;
				GCC_WARN_UNDECLARED_SELECTOR = YES;
				GCC_WARN_UNINITIALIZED_AUTOS = YES_AGGRESSIVE;
				GCC_WARN_UNUSED_FUNCTION = YES;
				GCC_WARN_UNUSED_VARIABLE = YES;
				HEADER_SEARCH_PATHS = /usr/local/include;
				MACOSX_DEPLOYMENT_TARGET = 10.13;
				MTL_ENABLE_DEBUG_INFO = NO;
				OTHER_LDFLAGS = (
					"-L/usr/local/lib",
					"-lprotobuf",
					"-D_THREAD_SAFE",
					"-lgrpc++",
					"-lgrpc",
				);
				SDKROOT = macosx;
			};
			name = Release;
		};
		582B1DD61F69FAD100672ED9 /* Debug */ = {
			isa = XCBuildConfiguration;
			buildSettings = {
				ASSETCATALOG_COMPILER_APPICON_NAME = AppIcon;
				COMBINE_HIDPI_IMAGES = YES;
				INFOPLIST_FILE = grpcTest/Info.plist;
				LD_RUNPATH_SEARCH_PATHS = "$(inherited) @executable_path/../Frameworks";
				LIBRARY_SEARCH_PATHS = /usr/local/lib;
				PRODUCT_BUNDLE_IDENTIFIER = com.logitech.grpcTest;
				PRODUCT_NAME = "$(TARGET_NAME)";
			};
			name = Debug;
		};
		582B1DD71F69FAD100672ED9 /* Release */ = {
			isa = XCBuildConfiguration;
			buildSettings = {
				ASSETCATALOG_COMPILER_APPICON_NAME = AppIcon;
				COMBINE_HIDPI_IMAGES = YES;
				INFOPLIST_FILE = grpcTest/Info.plist;
				LD_RUNPATH_SEARCH_PATHS = "$(inherited) @executable_path/../Frameworks";
				LIBRARY_SEARCH_PATHS = /usr/local/lib;
				PRODUCT_BUNDLE_IDENTIFIER = com.logitech.grpcTest;
				PRODUCT_NAME = "$(TARGET_NAME)";
			};
			name = Release;
		};
		582B1DE11F69FB1A00672ED9 /* Debug */ = {
			isa = XCBuildConfiguration;
			buildSettings = {
				LIBRARY_SEARCH_PATHS = /usr/local/lib;
				OTHER_CPLUSPLUSFLAGS = (
					"$(OTHER_CFLAGS)",
					"-D_THREAD_SAFE",
					"-I/usr/local/include",
				);
				OTHER_LDFLAGS = (
					"-L/usr/local/lib",
					"-lprotobuf",
					"-D_THREAD_SAFE",
					"-lgrpc++",
					"-lgrpc",
				);
				PRODUCT_NAME = "$(TARGET_NAME)";
			};
			name = Debug;
		};
		582B1DE21F69FB1A00672ED9 /* Release */ = {
			isa = XCBuildConfiguration;
			buildSettings = {
				LIBRARY_SEARCH_PATHS = /usr/local/lib;
				OTHER_CPLUSPLUSFLAGS = (
					"$(OTHER_CFLAGS)",
					"-D_THREAD_SAFE",
					"-I/usr/local/include",
				);
				OTHER_LDFLAGS = (
					"-L/usr/local/lib",
					"-lprotobuf",
					"-D_THREAD_SAFE",
					"-lgrpc++",
					"-lgrpc",
				);
				PRODUCT_NAME = "$(TARGET_NAME)";
			};
			name = Release;
		};
		582B1DFC1F69FF8C00672ED9 /* Debug */ = {
			isa = XCBuildConfiguration;
			buildSettings = {
				PRODUCT_NAME = "$(TARGET_NAME)";
			};
			name = Debug;
		};
		582B1DFD1F69FF8C00672ED9 /* Release */ = {
			isa = XCBuildConfiguration;
			buildSettings = {
				PRODUCT_NAME = "$(TARGET_NAME)";
			};
			name = Release;
		};
/* End XCBuildConfiguration section */

/* Begin XCConfigurationList section */
		582B1DBF1F69FAD100672ED9 /* Build configuration list for PBXProject "grpcTest" */ = {
			isa = XCConfigurationList;
			buildConfigurations = (
				582B1DD31F69FAD100672ED9 /* Debug */,
				582B1DD41F69FAD100672ED9 /* Release */,
			);
			defaultConfigurationIsVisible = 0;
			defaultConfigurationName = Release;
		};
		582B1DD51F69FAD100672ED9 /* Build configuration list for PBXNativeTarget "grpcTest" */ = {
			isa = XCConfigurationList;
			buildConfigurations = (
				582B1DD61F69FAD100672ED9 /* Debug */,
				582B1DD71F69FAD100672ED9 /* Release */,
			);
			defaultConfigurationIsVisible = 0;
		};
		582B1DE01F69FB1A00672ED9 /* Build configuration list for PBXNativeTarget "greeter_server" */ = {
			isa = XCConfigurationList;
			buildConfigurations = (
				582B1DE11F69FB1A00672ED9 /* Debug */,
				582B1DE21F69FB1A00672ED9 /* Release */,
			);
			defaultConfigurationIsVisible = 0;
		};
		582B1DFB1F69FF8C00672ED9 /* Build configuration list for PBXNativeTarget "greeter_client" */ = {
			isa = XCConfigurationList;
			buildConfigurations = (
				582B1DFC1F69FF8C00672ED9 /* Debug */,
				582B1DFD1F69FF8C00672ED9 /* Release */,
			);
			defaultConfigurationIsVisible = 0;
		};
/* End XCConfigurationList section */
	};
	rootObject = 582B1DBC1F69FAD100672ED9 /* Project object */;
}
